// !$*UTF8*$!
{
	archiveVersion = 1;
	classes = {
	};
	objectVersion = 54;
	objects = {

/* Begin PBXBuildFile section */
		607A704D20C91CD200796BDC /* ABLE.framework in Frameworks */ = {isa = PBXBuildFile; fileRef = 606ECAB81EDEF101003BFA19 /* ABLE.framework */; };
		CAF0874F29360BB700EBB20B /* CBCentralManagerMock.swift in Sources */ = {isa = PBXBuildFile; fileRef = CAF0873129360BB700EBB20B /* CBCentralManagerMock.swift */; };
		CAF0875029360BB700EBB20B /* CBCharacteristicMock.swift in Sources */ = {isa = PBXBuildFile; fileRef = CAF0873229360BB700EBB20B /* CBCharacteristicMock.swift */; };
		CAF0875129360BB700EBB20B /* CBPeripheralMock.swift in Sources */ = {isa = PBXBuildFile; fileRef = CAF0873329360BB700EBB20B /* CBPeripheralMock.swift */; };
		CAF0875229360BB700EBB20B /* CBPeripheralManagerMock.swift in Sources */ = {isa = PBXBuildFile; fileRef = CAF0873429360BB700EBB20B /* CBPeripheralManagerMock.swift */; };
		CAF0875329360BB700EBB20B /* CBServiceMock.swift in Sources */ = {isa = PBXBuildFile; fileRef = CAF0873529360BB700EBB20B /* CBServiceMock.swift */; };
		CAF0875429360BB700EBB20B /* Peripheral.swift in Sources */ = {isa = PBXBuildFile; fileRef = CAF0873629360BB700EBB20B /* Peripheral.swift */; };
		CAF0875529360BB700EBB20B /* Service.swift in Sources */ = {isa = PBXBuildFile; fileRef = CAF0873729360BB700EBB20B /* Service.swift */; };
		CAF0875629360BB700EBB20B /* CBCentralManagerType.swift in Sources */ = {isa = PBXBuildFile; fileRef = CAF0873929360BB700EBB20B /* CBCentralManagerType.swift */; };
		CAF0875729360BB700EBB20B /* CBPeripheralManagerDelegateProxy.swift in Sources */ = {isa = PBXBuildFile; fileRef = CAF0873A29360BB700EBB20B /* CBPeripheralManagerDelegateProxy.swift */; };
		CAF0875829360BB700EBB20B /* CBPeripheralDelegateType.swift in Sources */ = {isa = PBXBuildFile; fileRef = CAF0873B29360BB700EBB20B /* CBPeripheralDelegateType.swift */; };
		CAF0875929360BB700EBB20B /* CBCentralManagerDelegateProxy.swift in Sources */ = {isa = PBXBuildFile; fileRef = CAF0873C29360BB700EBB20B /* CBCentralManagerDelegateProxy.swift */; };
		CAF0875A29360BB700EBB20B /* CBPeripheralDelegateProxy.swift in Sources */ = {isa = PBXBuildFile; fileRef = CAF0873D29360BB700EBB20B /* CBPeripheralDelegateProxy.swift */; };
		CAF0875B29360BB700EBB20B /* CBCharacteristicType.swift in Sources */ = {isa = PBXBuildFile; fileRef = CAF0873E29360BB700EBB20B /* CBCharacteristicType.swift */; };
		CAF0875C29360BB700EBB20B /* CBManagerType.swift in Sources */ = {isa = PBXBuildFile; fileRef = CAF0873F29360BB700EBB20B /* CBManagerType.swift */; };
		CAF0875D29360BB700EBB20B /* CBPeripheralManagerDelegateType.swift in Sources */ = {isa = PBXBuildFile; fileRef = CAF0874029360BB700EBB20B /* CBPeripheralManagerDelegateType.swift */; };
		CAF0875E29360BB700EBB20B /* CBPeripheralType.swift in Sources */ = {isa = PBXBuildFile; fileRef = CAF0874129360BB700EBB20B /* CBPeripheralType.swift */; };
		CAF0875F29360BB700EBB20B /* CBCentralManagerDelegateType.swift in Sources */ = {isa = PBXBuildFile; fileRef = CAF0874229360BB700EBB20B /* CBCentralManagerDelegateType.swift */; };
		CAF0876029360BB700EBB20B /* CBPeerType.swift in Sources */ = {isa = PBXBuildFile; fileRef = CAF0874329360BB700EBB20B /* CBPeerType.swift */; };
		CAF0876129360BB700EBB20B /* CBPeripheralManagerType.swift in Sources */ = {isa = PBXBuildFile; fileRef = CAF0874429360BB700EBB20B /* CBPeripheralManagerType.swift */; };
		CAF0876229360BB700EBB20B /* CBServiceType.swift in Sources */ = {isa = PBXBuildFile; fileRef = CAF0874529360BB700EBB20B /* CBServiceType.swift */; };
		CAF0876329360BB700EBB20B /* CBAttributeType.swift in Sources */ = {isa = PBXBuildFile; fileRef = CAF0874629360BB700EBB20B /* CBAttributeType.swift */; };
		CAF0876429360BB700EBB20B /* CentralManager.swift in Sources */ = {isa = PBXBuildFile; fileRef = CAF0874729360BB700EBB20B /* CentralManager.swift */; };
		CAF0876529360BB700EBB20B /* Logger.swift in Sources */ = {isa = PBXBuildFile; fileRef = CAF0874929360BB700EBB20B /* Logger.swift */; };
		CAF0876629360BB700EBB20B /* Support.swift in Sources */ = {isa = PBXBuildFile; fileRef = CAF0874A29360BB700EBB20B /* Support.swift */; };
		CAF0876729360BB700EBB20B /* PeripheralManager.swift in Sources */ = {isa = PBXBuildFile; fileRef = CAF0874B29360BB700EBB20B /* PeripheralManager.swift */; };
		CAF0876829360BB700EBB20B /* Characteristic.swift in Sources */ = {isa = PBXBuildFile; fileRef = CAF0874C29360BB700EBB20B /* Characteristic.swift */; };
		CAF0876929360BB700EBB20B /* ABLE.h in Headers */ = {isa = PBXBuildFile; fileRef = CAF0874D29360BB700EBB20B /* ABLE.h */; };
		CAF0877029360BD100EBB20B /* PeripheralManagerTests.swift in Sources */ = {isa = PBXBuildFile; fileRef = CAF0876C29360BD100EBB20B /* PeripheralManagerTests.swift */; };
		CAF0877129360BD100EBB20B /* CentralManagerTests.swift in Sources */ = {isa = PBXBuildFile; fileRef = CAF0876D29360BD100EBB20B /* CentralManagerTests.swift */; };
		CAF0877229360BD100EBB20B /* PeripheralTests.swift in Sources */ = {isa = PBXBuildFile; fileRef = CAF0876E29360BD100EBB20B /* PeripheralTests.swift */; };
/* End PBXBuildFile section */

/* Begin PBXContainerItemProxy section */
		607A704E20C91CD200796BDC /* PBXContainerItemProxy */ = {
			isa = PBXContainerItemProxy;
			containerPortal = 606ECAAF1EDEF101003BFA19 /* Project object */;
			proxyType = 1;
			remoteGlobalIDString = 606ECAB71EDEF101003BFA19;
			remoteInfo = ABLE;
		};
/* End PBXContainerItemProxy section */

/* Begin PBXFileReference section */
		606ECAB81EDEF101003BFA19 /* ABLE.framework */ = {isa = PBXFileReference; explicitFileType = wrapper.framework; includeInIndex = 0; path = ABLE.framework; sourceTree = BUILT_PRODUCTS_DIR; };
		607A704820C91CD200796BDC /* ABLETests.xctest */ = {isa = PBXFileReference; explicitFileType = wrapper.cfbundle; includeInIndex = 0; path = ABLETests.xctest; sourceTree = BUILT_PRODUCTS_DIR; };
		CACF3A3229360D8E00534324 /* Info.plist */ = {isa = PBXFileReference; lastKnownFileType = text.plist.xml; path = Info.plist; sourceTree = "<group>"; };
		CACF3A3329360E0700534324 /* Info.plist */ = {isa = PBXFileReference; lastKnownFileType = text.plist.xml; path = Info.plist; sourceTree = "<group>"; };
		CACF3A3429360F5D00534324 /* Package.swift */ = {isa = PBXFileReference; lastKnownFileType = sourcecode.swift; path = Package.swift; sourceTree = "<group>"; };
		CACF3A3529360F6400534324 /* ABLE.podspec */ = {isa = PBXFileReference; lastKnownFileType = text; path = ABLE.podspec; sourceTree = "<group>"; xcLanguageSpecificationIdentifier = xcode.lang.ruby; };
		CACF3A7C29361A1700534324 /* README.md */ = {isa = PBXFileReference; lastKnownFileType = net.daringfireball.markdown; path = README.md; sourceTree = "<group>"; };
		CAF0873129360BB700EBB20B /* CBCentralManagerMock.swift */ = {isa = PBXFileReference; fileEncoding = 4; lastKnownFileType = sourcecode.swift; path = CBCentralManagerMock.swift; sourceTree = "<group>"; };
		CAF0873229360BB700EBB20B /* CBCharacteristicMock.swift */ = {isa = PBXFileReference; fileEncoding = 4; lastKnownFileType = sourcecode.swift; path = CBCharacteristicMock.swift; sourceTree = "<group>"; };
		CAF0873329360BB700EBB20B /* CBPeripheralMock.swift */ = {isa = PBXFileReference; fileEncoding = 4; lastKnownFileType = sourcecode.swift; path = CBPeripheralMock.swift; sourceTree = "<group>"; };
		CAF0873429360BB700EBB20B /* CBPeripheralManagerMock.swift */ = {isa = PBXFileReference; fileEncoding = 4; lastKnownFileType = sourcecode.swift; path = CBPeripheralManagerMock.swift; sourceTree = "<group>"; };
		CAF0873529360BB700EBB20B /* CBServiceMock.swift */ = {isa = PBXFileReference; fileEncoding = 4; lastKnownFileType = sourcecode.swift; path = CBServiceMock.swift; sourceTree = "<group>"; };
		CAF0873629360BB700EBB20B /* Peripheral.swift */ = {isa = PBXFileReference; fileEncoding = 4; lastKnownFileType = sourcecode.swift; path = Peripheral.swift; sourceTree = "<group>"; };
		CAF0873729360BB700EBB20B /* Service.swift */ = {isa = PBXFileReference; fileEncoding = 4; lastKnownFileType = sourcecode.swift; path = Service.swift; sourceTree = "<group>"; };
		CAF0873929360BB700EBB20B /* CBCentralManagerType.swift */ = {isa = PBXFileReference; fileEncoding = 4; lastKnownFileType = sourcecode.swift; path = CBCentralManagerType.swift; sourceTree = "<group>"; };
		CAF0873A29360BB700EBB20B /* CBPeripheralManagerDelegateProxy.swift */ = {isa = PBXFileReference; fileEncoding = 4; lastKnownFileType = sourcecode.swift; path = CBPeripheralManagerDelegateProxy.swift; sourceTree = "<group>"; };
		CAF0873B29360BB700EBB20B /* CBPeripheralDelegateType.swift */ = {isa = PBXFileReference; fileEncoding = 4; lastKnownFileType = sourcecode.swift; path = CBPeripheralDelegateType.swift; sourceTree = "<group>"; };
		CAF0873C29360BB700EBB20B /* CBCentralManagerDelegateProxy.swift */ = {isa = PBXFileReference; fileEncoding = 4; lastKnownFileType = sourcecode.swift; path = CBCentralManagerDelegateProxy.swift; sourceTree = "<group>"; };
		CAF0873D29360BB700EBB20B /* CBPeripheralDelegateProxy.swift */ = {isa = PBXFileReference; fileEncoding = 4; lastKnownFileType = sourcecode.swift; path = CBPeripheralDelegateProxy.swift; sourceTree = "<group>"; };
		CAF0873E29360BB700EBB20B /* CBCharacteristicType.swift */ = {isa = PBXFileReference; fileEncoding = 4; lastKnownFileType = sourcecode.swift; path = CBCharacteristicType.swift; sourceTree = "<group>"; };
		CAF0873F29360BB700EBB20B /* CBManagerType.swift */ = {isa = PBXFileReference; fileEncoding = 4; lastKnownFileType = sourcecode.swift; path = CBManagerType.swift; sourceTree = "<group>"; };
		CAF0874029360BB700EBB20B /* CBPeripheralManagerDelegateType.swift */ = {isa = PBXFileReference; fileEncoding = 4; lastKnownFileType = sourcecode.swift; path = CBPeripheralManagerDelegateType.swift; sourceTree = "<group>"; };
		CAF0874129360BB700EBB20B /* CBPeripheralType.swift */ = {isa = PBXFileReference; fileEncoding = 4; lastKnownFileType = sourcecode.swift; path = CBPeripheralType.swift; sourceTree = "<group>"; };
		CAF0874229360BB700EBB20B /* CBCentralManagerDelegateType.swift */ = {isa = PBXFileReference; fileEncoding = 4; lastKnownFileType = sourcecode.swift; path = CBCentralManagerDelegateType.swift; sourceTree = "<group>"; };
		CAF0874329360BB700EBB20B /* CBPeerType.swift */ = {isa = PBXFileReference; fileEncoding = 4; lastKnownFileType = sourcecode.swift; path = CBPeerType.swift; sourceTree = "<group>"; };
		CAF0874429360BB700EBB20B /* CBPeripheralManagerType.swift */ = {isa = PBXFileReference; fileEncoding = 4; lastKnownFileType = sourcecode.swift; path = CBPeripheralManagerType.swift; sourceTree = "<group>"; };
		CAF0874529360BB700EBB20B /* CBServiceType.swift */ = {isa = PBXFileReference; fileEncoding = 4; lastKnownFileType = sourcecode.swift; path = CBServiceType.swift; sourceTree = "<group>"; };
		CAF0874629360BB700EBB20B /* CBAttributeType.swift */ = {isa = PBXFileReference; fileEncoding = 4; lastKnownFileType = sourcecode.swift; path = CBAttributeType.swift; sourceTree = "<group>"; };
		CAF0874729360BB700EBB20B /* CentralManager.swift */ = {isa = PBXFileReference; fileEncoding = 4; lastKnownFileType = sourcecode.swift; path = CentralManager.swift; sourceTree = "<group>"; };
		CAF0874929360BB700EBB20B /* Logger.swift */ = {isa = PBXFileReference; fileEncoding = 4; lastKnownFileType = sourcecode.swift; path = Logger.swift; sourceTree = "<group>"; };
		CAF0874A29360BB700EBB20B /* Support.swift */ = {isa = PBXFileReference; fileEncoding = 4; lastKnownFileType = sourcecode.swift; path = Support.swift; sourceTree = "<group>"; };
		CAF0874B29360BB700EBB20B /* PeripheralManager.swift */ = {isa = PBXFileReference; fileEncoding = 4; lastKnownFileType = sourcecode.swift; path = PeripheralManager.swift; sourceTree = "<group>"; };
		CAF0874C29360BB700EBB20B /* Characteristic.swift */ = {isa = PBXFileReference; fileEncoding = 4; lastKnownFileType = sourcecode.swift; path = Characteristic.swift; sourceTree = "<group>"; };
		CAF0874D29360BB700EBB20B /* ABLE.h */ = {isa = PBXFileReference; fileEncoding = 4; lastKnownFileType = sourcecode.c.h; path = ABLE.h; sourceTree = "<group>"; };
		CAF0876C29360BD100EBB20B /* PeripheralManagerTests.swift */ = {isa = PBXFileReference; fileEncoding = 4; lastKnownFileType = sourcecode.swift; path = PeripheralManagerTests.swift; sourceTree = "<group>"; };
		CAF0876D29360BD100EBB20B /* CentralManagerTests.swift */ = {isa = PBXFileReference; fileEncoding = 4; lastKnownFileType = sourcecode.swift; path = CentralManagerTests.swift; sourceTree = "<group>"; };
		CAF0876E29360BD100EBB20B /* PeripheralTests.swift */ = {isa = PBXFileReference; fileEncoding = 4; lastKnownFileType = sourcecode.swift; path = PeripheralTests.swift; sourceTree = "<group>"; };
/* End PBXFileReference section */

/* Begin PBXFrameworksBuildPhase section */
		606ECAB41EDEF101003BFA19 /* Frameworks */ = {
			isa = PBXFrameworksBuildPhase;
			buildActionMask = 2147483647;
			files = (
			);
			runOnlyForDeploymentPostprocessing = 0;
		};
		607A704520C91CD200796BDC /* Frameworks */ = {
			isa = PBXFrameworksBuildPhase;
			buildActionMask = 2147483647;
			files = (
				607A704D20C91CD200796BDC /* ABLE.framework in Frameworks */,
			);
			runOnlyForDeploymentPostprocessing = 0;
		};
/* End PBXFrameworksBuildPhase section */

/* Begin PBXGroup section */
		606ECAAE1EDEF101003BFA19 = {
			isa = PBXGroup;
			children = (
				CACF3A7C29361A1700534324 /* README.md */,
				CACF3A3529360F6400534324 /* ABLE.podspec */,
				CACF3A3429360F5D00534324 /* Package.swift */,
				CAF0872F29360BB700EBB20B /* ABLE */,
				CAF0876B29360BD100EBB20B /* ABLETests */,
				606ECAB91EDEF101003BFA19 /* Products */,
			);
			sourceTree = "<group>";
		};
		606ECAB91EDEF101003BFA19 /* Products */ = {
			isa = PBXGroup;
			children = (
				606ECAB81EDEF101003BFA19 /* ABLE.framework */,
				607A704820C91CD200796BDC /* ABLETests.xctest */,
			);
			name = Products;
			sourceTree = "<group>";
		};
		CAF0872F29360BB700EBB20B /* ABLE */ = {
			isa = PBXGroup;
			children = (
				CAF0874D29360BB700EBB20B /* ABLE.h */,
				CACF3A3229360D8E00534324 /* Info.plist */,
				CAF0874729360BB700EBB20B /* CentralManager.swift */,
				CAF0874C29360BB700EBB20B /* Characteristic.swift */,
				CAF0873629360BB700EBB20B /* Peripheral.swift */,
				CAF0874B29360BB700EBB20B /* PeripheralManager.swift */,
				CAF0873729360BB700EBB20B /* Service.swift */,
				CAF0873829360BB700EBB20B /* CBTypes */,
				CAF0873029360BB700EBB20B /* Mocks */,
				CAF0874829360BB700EBB20B /* Support */,
			);
			name = ABLE;
			path = Sources/ABLE;
			sourceTree = "<group>";
		};
		CAF0873029360BB700EBB20B /* Mocks */ = {
			isa = PBXGroup;
			children = (
				CAF0873129360BB700EBB20B /* CBCentralManagerMock.swift */,
				CAF0873229360BB700EBB20B /* CBCharacteristicMock.swift */,
				CAF0873329360BB700EBB20B /* CBPeripheralMock.swift */,
				CAF0873429360BB700EBB20B /* CBPeripheralManagerMock.swift */,
				CAF0873529360BB700EBB20B /* CBServiceMock.swift */,
			);
			path = Mocks;
			sourceTree = "<group>";
		};
		CAF0873829360BB700EBB20B /* CBTypes */ = {
			isa = PBXGroup;
			children = (
				CAF0873929360BB700EBB20B /* CBCentralManagerType.swift */,
				CAF0873A29360BB700EBB20B /* CBPeripheralManagerDelegateProxy.swift */,
				CAF0873B29360BB700EBB20B /* CBPeripheralDelegateType.swift */,
				CAF0873C29360BB700EBB20B /* CBCentralManagerDelegateProxy.swift */,
				CAF0873D29360BB700EBB20B /* CBPeripheralDelegateProxy.swift */,
				CAF0873E29360BB700EBB20B /* CBCharacteristicType.swift */,
				CAF0873F29360BB700EBB20B /* CBManagerType.swift */,
				CAF0874029360BB700EBB20B /* CBPeripheralManagerDelegateType.swift */,
				CAF0874129360BB700EBB20B /* CBPeripheralType.swift */,
				CAF0874229360BB700EBB20B /* CBCentralManagerDelegateType.swift */,
				CAF0874329360BB700EBB20B /* CBPeerType.swift */,
				CAF0874429360BB700EBB20B /* CBPeripheralManagerType.swift */,
				CAF0874529360BB700EBB20B /* CBServiceType.swift */,
				CAF0874629360BB700EBB20B /* CBAttributeType.swift */,
			);
			path = CBTypes;
			sourceTree = "<group>";
		};
		CAF0874829360BB700EBB20B /* Support */ = {
			isa = PBXGroup;
			children = (
				CAF0874929360BB700EBB20B /* Logger.swift */,
				CAF0874A29360BB700EBB20B /* Support.swift */,
			);
			path = Support;
			sourceTree = "<group>";
		};
		CAF0876B29360BD100EBB20B /* ABLETests */ = {
			isa = PBXGroup;
			children = (
				CACF3A3329360E0700534324 /* Info.plist */,
				CAF0876D29360BD100EBB20B /* CentralManagerTests.swift */,
				CAF0876C29360BD100EBB20B /* PeripheralManagerTests.swift */,
				CAF0876E29360BD100EBB20B /* PeripheralTests.swift */,
			);
			name = ABLETests;
			path = Tests/ABLETests;
			sourceTree = "<group>";
		};
/* End PBXGroup section */

/* Begin PBXHeadersBuildPhase section */
		606ECAB51EDEF101003BFA19 /* Headers */ = {
			isa = PBXHeadersBuildPhase;
			buildActionMask = 2147483647;
			files = (
				CAF0876929360BB700EBB20B /* ABLE.h in Headers */,
			);
			runOnlyForDeploymentPostprocessing = 0;
		};
/* End PBXHeadersBuildPhase section */

/* Begin PBXNativeTarget section */
		606ECAB71EDEF101003BFA19 /* ABLE */ = {
			isa = PBXNativeTarget;
			buildConfigurationList = 606ECAC01EDEF101003BFA19 /* Build configuration list for PBXNativeTarget "ABLE" */;
			buildPhases = (
				606ECAB31EDEF101003BFA19 /* Sources */,
				606ECAB41EDEF101003BFA19 /* Frameworks */,
				606ECAB51EDEF101003BFA19 /* Headers */,
				606ECAB61EDEF101003BFA19 /* Resources */,
			);
			buildRules = (
			);
			dependencies = (
			);
			name = ABLE;
			productName = ABLE;
			productReference = 606ECAB81EDEF101003BFA19 /* ABLE.framework */;
			productType = "com.apple.product-type.framework";
		};
		607A704720C91CD200796BDC /* ABLETests */ = {
			isa = PBXNativeTarget;
			buildConfigurationList = 607A705020C91CD200796BDC /* Build configuration list for PBXNativeTarget "ABLETests" */;
			buildPhases = (
				607A704420C91CD200796BDC /* Sources */,
				607A704520C91CD200796BDC /* Frameworks */,
				607A704620C91CD200796BDC /* Resources */,
			);
			buildRules = (
			);
			dependencies = (
				607A704F20C91CD200796BDC /* PBXTargetDependency */,
			);
			name = ABLETests;
			productName = ABLETests;
			productReference = 607A704820C91CD200796BDC /* ABLETests.xctest */;
			productType = "com.apple.product-type.bundle.unit-test";
		};
/* End PBXNativeTarget section */

/* Begin PBXProject section */
		606ECAAF1EDEF101003BFA19 /* Project object */ = {
			isa = PBXProject;
			attributes = {
				BuildIndependentTargetsInParallel = YES;
				LastSwiftUpdateCheck = 0930;
				LastUpgradeCheck = 2620;
				ORGANIZATIONNAME = "Alessio Orlando";
				TargetAttributes = {
					606ECAB71EDEF101003BFA19 = {
						CreatedOnToolsVersion = 8.2.1;
						LastSwiftMigration = 1020;
						ProvisioningStyle = Automatic;
					};
					607A704720C91CD200796BDC = {
						CreatedOnToolsVersion = 9.3.1;
						DevelopmentTeam = M77GXJ5SX8;
						LastSwiftMigration = 1020;
						ProvisioningStyle = Automatic;
					};
				};
			};
			buildConfigurationList = 606ECAB21EDEF101003BFA19 /* Build configuration list for PBXProject "ABLE" */;
			compatibilityVersion = "Xcode 3.2";
			developmentRegion = en;
			hasScannedForEncodings = 0;
			knownRegions = (
				en,
				Base,
			);
			mainGroup = 606ECAAE1EDEF101003BFA19;
			productRefGroup = 606ECAB91EDEF101003BFA19 /* Products */;
			projectDirPath = "";
			projectRoot = "";
			targets = (
				606ECAB71EDEF101003BFA19 /* ABLE */,
				607A704720C91CD200796BDC /* ABLETests */,
			);
		};
/* End PBXProject section */

/* Begin PBXResourcesBuildPhase section */
		606ECAB61EDEF101003BFA19 /* Resources */ = {
			isa = PBXResourcesBuildPhase;
			buildActionMask = 2147483647;
			files = (
			);
			runOnlyForDeploymentPostprocessing = 0;
		};
		607A704620C91CD200796BDC /* Resources */ = {
			isa = PBXResourcesBuildPhase;
			buildActionMask = 2147483647;
			files = (
			);
			runOnlyForDeploymentPostprocessing = 0;
		};
/* End PBXResourcesBuildPhase section */

/* Begin PBXSourcesBuildPhase section */
		606ECAB31EDEF101003BFA19 /* Sources */ = {
			isa = PBXSourcesBuildPhase;
			buildActionMask = 2147483647;
			files = (
				CAF0876729360BB700EBB20B /* PeripheralManager.swift in Sources */,
				CAF0875629360BB700EBB20B /* CBCentralManagerType.swift in Sources */,
				CAF0875F29360BB700EBB20B /* CBCentralManagerDelegateType.swift in Sources */,
				CAF0874F29360BB700EBB20B /* CBCentralManagerMock.swift in Sources */,
				CAF0876329360BB700EBB20B /* CBAttributeType.swift in Sources */,
				CAF0875529360BB700EBB20B /* Service.swift in Sources */,
				CAF0876629360BB700EBB20B /* Support.swift in Sources */,
				CAF0876429360BB700EBB20B /* CentralManager.swift in Sources */,
				CAF0875429360BB700EBB20B /* Peripheral.swift in Sources */,
				CAF0875E29360BB700EBB20B /* CBPeripheralType.swift in Sources */,
				CAF0876829360BB700EBB20B /* Characteristic.swift in Sources */,
				CAF0876029360BB700EBB20B /* CBPeerType.swift in Sources */,
				CAF0876529360BB700EBB20B /* Logger.swift in Sources */,
				CAF0875329360BB700EBB20B /* CBServiceMock.swift in Sources */,
				CAF0875B29360BB700EBB20B /* CBCharacteristicType.swift in Sources */,
				CAF0875029360BB700EBB20B /* CBCharacteristicMock.swift in Sources */,
				CAF0876229360BB700EBB20B /* CBServiceType.swift in Sources */,
				CAF0875229360BB700EBB20B /* CBPeripheralManagerMock.swift in Sources */,
				CAF0875C29360BB700EBB20B /* CBManagerType.swift in Sources */,
				CAF0875129360BB700EBB20B /* CBPeripheralMock.swift in Sources */,
				CAF0875A29360BB700EBB20B /* CBPeripheralDelegateProxy.swift in Sources */,
				CAF0875929360BB700EBB20B /* CBCentralManagerDelegateProxy.swift in Sources */,
				CAF0875729360BB700EBB20B /* CBPeripheralManagerDelegateProxy.swift in Sources */,
				CAF0875829360BB700EBB20B /* CBPeripheralDelegateType.swift in Sources */,
				CAF0876129360BB700EBB20B /* CBPeripheralManagerType.swift in Sources */,
				CAF0875D29360BB700EBB20B /* CBPeripheralManagerDelegateType.swift in Sources */,
			);
			runOnlyForDeploymentPostprocessing = 0;
		};
		607A704420C91CD200796BDC /* Sources */ = {
			isa = PBXSourcesBuildPhase;
			buildActionMask = 2147483647;
			files = (
				CAF0877029360BD100EBB20B /* PeripheralManagerTests.swift in Sources */,
				CAF0877229360BD100EBB20B /* PeripheralTests.swift in Sources */,
				CAF0877129360BD100EBB20B /* CentralManagerTests.swift in Sources */,
			);
			runOnlyForDeploymentPostprocessing = 0;
		};
/* End PBXSourcesBuildPhase section */

/* Begin PBXTargetDependency section */
		607A704F20C91CD200796BDC /* PBXTargetDependency */ = {
			isa = PBXTargetDependency;
			target = 606ECAB71EDEF101003BFA19 /* ABLE */;
			targetProxy = 607A704E20C91CD200796BDC /* PBXContainerItemProxy */;
		};
/* End PBXTargetDependency section */

/* Begin XCBuildConfiguration section */
		606ECABE1EDEF101003BFA19 /* Debug */ = {
			isa = XCBuildConfiguration;
			buildSettings = {
				ALWAYS_SEARCH_USER_PATHS = NO;
				CLANG_ANALYZER_LOCALIZABILITY_NONLOCALIZED = YES;
				CLANG_ANALYZER_NONNULL = YES;
				CLANG_CXX_LANGUAGE_STANDARD = "gnu++0x";
				CLANG_CXX_LIBRARY = "libc++";
				CLANG_ENABLE_MODULES = YES;
				CLANG_ENABLE_OBJC_ARC = YES;
				CLANG_WARN_BLOCK_CAPTURE_AUTORELEASING = YES;
				CLANG_WARN_BOOL_CONVERSION = YES;
				CLANG_WARN_COMMA = YES;
				CLANG_WARN_CONSTANT_CONVERSION = YES;
				CLANG_WARN_DEPRECATED_OBJC_IMPLEMENTATIONS = YES;
				CLANG_WARN_DIRECT_OBJC_ISA_USAGE = YES_ERROR;
				CLANG_WARN_DOCUMENTATION_COMMENTS = YES;
				CLANG_WARN_EMPTY_BODY = YES;
				CLANG_WARN_ENUM_CONVERSION = YES;
				CLANG_WARN_INFINITE_RECURSION = YES;
				CLANG_WARN_INT_CONVERSION = YES;
				CLANG_WARN_NON_LITERAL_NULL_CONVERSION = YES;
				CLANG_WARN_OBJC_IMPLICIT_RETAIN_SELF = YES;
				CLANG_WARN_OBJC_LITERAL_CONVERSION = YES;
				CLANG_WARN_OBJC_ROOT_CLASS = YES_ERROR;
				CLANG_WARN_QUOTED_INCLUDE_IN_FRAMEWORK_HEADER = YES;
				CLANG_WARN_RANGE_LOOP_ANALYSIS = YES;
				CLANG_WARN_STRICT_PROTOTYPES = YES;
				CLANG_WARN_SUSPICIOUS_MOVE = YES;
				CLANG_WARN_UNREACHABLE_CODE = YES;
				CLANG_WARN__DUPLICATE_METHOD_MATCH = YES;
				"CODE_SIGN_IDENTITY[sdk=iphoneos*]" = "iPhone Developer";
				COPY_PHASE_STRIP = NO;
				CURRENT_PROJECT_VERSION = 1;
				DEBUG_INFORMATION_FORMAT = dwarf;
				ENABLE_STRICT_OBJC_MSGSEND = YES;
				ENABLE_TESTABILITY = YES;
				ENABLE_USER_SCRIPT_SANDBOXING = YES;
				GCC_C_LANGUAGE_STANDARD = gnu99;
				GCC_DYNAMIC_NO_PIC = NO;
				GCC_NO_COMMON_BLOCKS = YES;
				GCC_OPTIMIZATION_LEVEL = 0;
				GCC_PREPROCESSOR_DEFINITIONS = (
					"DEBUG=1",
					"$(inherited)",
				);
				GCC_WARN_64_TO_32_BIT_CONVERSION = YES;
				GCC_WARN_ABOUT_RETURN_TYPE = YES_ERROR;
				GCC_WARN_UNDECLARED_SELECTOR = YES;
				GCC_WARN_UNINITIALIZED_AUTOS = YES_AGGRESSIVE;
				GCC_WARN_UNUSED_FUNCTION = YES;
				GCC_WARN_UNUSED_VARIABLE = YES;
				IPHONEOS_DEPLOYMENT_TARGET = 13.6;
				MTL_ENABLE_DEBUG_INFO = YES;
				ONLY_ACTIVE_ARCH = YES;
				SDKROOT = iphoneos;
				STRING_CATALOG_GENERATE_SYMBOLS = YES;
				SWIFT_ACTIVE_COMPILATION_CONDITIONS = DEBUG;
				SWIFT_OPTIMIZATION_LEVEL = "-Onone";
				SWIFT_SWIFT3_OBJC_INFERENCE = Default;
				SWIFT_VERSION = 6.0;
				TARGETED_DEVICE_FAMILY = "1,2";
				VERSIONING_SYSTEM = "apple-generic";
				VERSION_INFO_PREFIX = "";
			};
			name = Debug;
		};
		606ECABF1EDEF101003BFA19 /* Release */ = {
			isa = XCBuildConfiguration;
			buildSettings = {
				ALWAYS_SEARCH_USER_PATHS = NO;
				CLANG_ANALYZER_LOCALIZABILITY_NONLOCALIZED = YES;
				CLANG_ANALYZER_NONNULL = YES;
				CLANG_CXX_LANGUAGE_STANDARD = "gnu++0x";
				CLANG_CXX_LIBRARY = "libc++";
				CLANG_ENABLE_MODULES = YES;
				CLANG_ENABLE_OBJC_ARC = YES;
				CLANG_WARN_BLOCK_CAPTURE_AUTORELEASING = YES;
				CLANG_WARN_BOOL_CONVERSION = YES;
				CLANG_WARN_COMMA = YES;
				CLANG_WARN_CONSTANT_CONVERSION = YES;
				CLANG_WARN_DEPRECATED_OBJC_IMPLEMENTATIONS = YES;
				CLANG_WARN_DIRECT_OBJC_ISA_USAGE = YES_ERROR;
				CLANG_WARN_DOCUMENTATION_COMMENTS = YES;
				CLANG_WARN_EMPTY_BODY = YES;
				CLANG_WARN_ENUM_CONVERSION = YES;
				CLANG_WARN_INFINITE_RECURSION = YES;
				CLANG_WARN_INT_CONVERSION = YES;
				CLANG_WARN_NON_LITERAL_NULL_CONVERSION = YES;
				CLANG_WARN_OBJC_IMPLICIT_RETAIN_SELF = YES;
				CLANG_WARN_OBJC_LITERAL_CONVERSION = YES;
				CLANG_WARN_OBJC_ROOT_CLASS = YES_ERROR;
				CLANG_WARN_QUOTED_INCLUDE_IN_FRAMEWORK_HEADER = YES;
				CLANG_WARN_RANGE_LOOP_ANALYSIS = YES;
				CLANG_WARN_STRICT_PROTOTYPES = YES;
				CLANG_WARN_SUSPICIOUS_MOVE = YES;
				CLANG_WARN_UNREACHABLE_CODE = YES;
				CLANG_WARN__DUPLICATE_METHOD_MATCH = YES;
				"CODE_SIGN_IDENTITY[sdk=iphoneos*]" = "iPhone Developer";
				COPY_PHASE_STRIP = NO;
				CURRENT_PROJECT_VERSION = 1;
				DEBUG_INFORMATION_FORMAT = "dwarf-with-dsym";
				ENABLE_NS_ASSERTIONS = NO;
				ENABLE_STRICT_OBJC_MSGSEND = YES;
				ENABLE_USER_SCRIPT_SANDBOXING = YES;
				GCC_C_LANGUAGE_STANDARD = gnu99;
				GCC_NO_COMMON_BLOCKS = YES;
				GCC_WARN_64_TO_32_BIT_CONVERSION = YES;
				GCC_WARN_ABOUT_RETURN_TYPE = YES_ERROR;
				GCC_WARN_UNDECLARED_SELECTOR = YES;
				GCC_WARN_UNINITIALIZED_AUTOS = YES_AGGRESSIVE;
				GCC_WARN_UNUSED_FUNCTION = YES;
				GCC_WARN_UNUSED_VARIABLE = YES;
				IPHONEOS_DEPLOYMENT_TARGET = 13.6;
				MTL_ENABLE_DEBUG_INFO = NO;
				SDKROOT = iphoneos;
				STRING_CATALOG_GENERATE_SYMBOLS = YES;
				SWIFT_COMPILATION_MODE = wholemodule;
				SWIFT_OPTIMIZATION_LEVEL = "-O";
				SWIFT_SWIFT3_OBJC_INFERENCE = Default;
				SWIFT_VERSION = 6.0;
				TARGETED_DEVICE_FAMILY = "1,2";
				VALIDATE_PRODUCT = YES;
				VERSIONING_SYSTEM = "apple-generic";
				VERSION_INFO_PREFIX = "";
			};
			name = Release;
		};
		606ECAC11EDEF101003BFA19 /* Debug */ = {
			isa = XCBuildConfiguration;
			buildSettings = {
				CLANG_ENABLE_MODULES = YES;
				CODE_SIGN_IDENTITY = "";
				DEFINES_MODULE = YES;
				DEVELOPMENT_TEAM = "";
				DYLIB_COMPATIBILITY_VERSION = 1;
				DYLIB_CURRENT_VERSION = 1;
				DYLIB_INSTALL_NAME_BASE = "@rpath";
				ENABLE_MODULE_VERIFIER = YES;
				INFOPLIST_FILE = Sources/ABLE/Info.plist;
				INSTALL_PATH = "$(LOCAL_LIBRARY_DIR)/Frameworks";
				IPHONEOS_DEPLOYMENT_TARGET = 13.6;
				LD_RUNPATH_SEARCH_PATHS = (
					"$(inherited)",
					"@executable_path/Frameworks",
					"@loader_path/Frameworks",
				);
				MARKETING_VERSION = 0.6.1;
				MODULE_VERIFIER_SUPPORTED_LANGUAGE_STANDARDS = "gnu99 gnu++11";
				PRODUCT_BUNDLE_IDENTIFIER = com.alessiodeveloper.ABLE;
				PRODUCT_NAME = "$(TARGET_NAME)";
				SKIP_INSTALL = YES;
				SWIFT_OPTIMIZATION_LEVEL = "-Onone";
				SWIFT_VERSION = 6.0;
			};
			name = Debug;
		};
		606ECAC21EDEF101003BFA19 /* Release */ = {
			isa = XCBuildConfiguration;
			buildSettings = {
				CLANG_ENABLE_MODULES = YES;
				CODE_SIGN_IDENTITY = "";
				DEFINES_MODULE = YES;
				DEVELOPMENT_TEAM = "";
				DYLIB_COMPATIBILITY_VERSION = 1;
				DYLIB_CURRENT_VERSION = 1;
				DYLIB_INSTALL_NAME_BASE = "@rpath";
				ENABLE_MODULE_VERIFIER = YES;
				INFOPLIST_FILE = Sources/ABLE/Info.plist;
				INSTALL_PATH = "$(LOCAL_LIBRARY_DIR)/Frameworks";
				IPHONEOS_DEPLOYMENT_TARGET = 13.6;
				LD_RUNPATH_SEARCH_PATHS = (
					"$(inherited)",
					"@executable_path/Frameworks",
					"@loader_path/Frameworks",
				);
				MARKETING_VERSION = 0.6.1;
				MODULE_VERIFIER_SUPPORTED_LANGUAGE_STANDARDS = "gnu99 gnu++11";
				PRODUCT_BUNDLE_IDENTIFIER = com.alessiodeveloper.ABLE;
				PRODUCT_NAME = "$(TARGET_NAME)";
				SKIP_INSTALL = YES;
				SWIFT_VERSION = 6.0;
			};
			name = Release;
		};
		607A705120C91CD200796BDC /* Debug */ = {
			isa = XCBuildConfiguration;
			buildSettings = {
				CLANG_ANALYZER_NUMBER_OBJECT_CONVERSION = YES_AGGRESSIVE;
				CLANG_CXX_LANGUAGE_STANDARD = "gnu++14";
				CLANG_ENABLE_OBJC_WEAK = YES;
				CLANG_WARN_UNGUARDED_AVAILABILITY = YES_AGGRESSIVE;
				CODE_SIGN_IDENTITY = "iPhone Developer";
				CODE_SIGN_STYLE = Automatic;
				DEVELOPMENT_TEAM = M77GXJ5SX8;
				GCC_C_LANGUAGE_STANDARD = gnu11;
				INFOPLIST_FILE = Tests/ABLETests/Info.plist;
				IPHONEOS_DEPLOYMENT_TARGET = 13.6;
				LD_RUNPATH_SEARCH_PATHS = (
					"$(inherited)",
					"@executable_path/Frameworks",
					"@loader_path/Frameworks",
				);
				PRODUCT_BUNDLE_IDENTIFIER = com.alessiodeveloper.ABLETests;
				PRODUCT_NAME = "$(TARGET_NAME)";
				SWIFT_VERSION = 5.0;
				TARGETED_DEVICE_FAMILY = "1,2";
			};
			name = Debug;
		};
		607A705220C91CD200796BDC /* Release */ = {
			isa = XCBuildConfiguration;
			buildSettings = {
				CLANG_ANALYZER_NUMBER_OBJECT_CONVERSION = YES_AGGRESSIVE;
				CLANG_CXX_LANGUAGE_STANDARD = "gnu++14";
				CLANG_ENABLE_OBJC_WEAK = YES;
				CLANG_WARN_UNGUARDED_AVAILABILITY = YES_AGGRESSIVE;
				CODE_SIGN_IDENTITY = "iPhone Developer";
				CODE_SIGN_STYLE = Automatic;
				DEVELOPMENT_TEAM = M77GXJ5SX8;
				GCC_C_LANGUAGE_STANDARD = gnu11;
				INFOPLIST_FILE = Tests/ABLETests/Info.plist;
				IPHONEOS_DEPLOYMENT_TARGET = 13.6;
				LD_RUNPATH_SEARCH_PATHS = (
					"$(inherited)",
					"@executable_path/Frameworks",
					"@loader_path/Frameworks",
				);
				PRODUCT_BUNDLE_IDENTIFIER = com.alessiodeveloper.ABLETests;
				PRODUCT_NAME = "$(TARGET_NAME)";
				SWIFT_VERSION = 5.0;
				TARGETED_DEVICE_FAMILY = "1,2";
			};
			name = Release;
		};
/* End XCBuildConfiguration section */

/* Begin XCConfigurationList section */
		606ECAB21EDEF101003BFA19 /* Build configuration list for PBXProject "ABLE" */ = {
			isa = XCConfigurationList;
			buildConfigurations = (
				606ECABE1EDEF101003BFA19 /* Debug */,
				606ECABF1EDEF101003BFA19 /* Release */,
			);
			defaultConfigurationIsVisible = 0;
			defaultConfigurationName = Release;
		};
		606ECAC01EDEF101003BFA19 /* Build configuration list for PBXNativeTarget "ABLE" */ = {
			isa = XCConfigurationList;
			buildConfigurations = (
				606ECAC11EDEF101003BFA19 /* Debug */,
				606ECAC21EDEF101003BFA19 /* Release */,
			);
			defaultConfigurationIsVisible = 0;
			defaultConfigurationName = Release;
		};
		607A705020C91CD200796BDC /* Build configuration list for PBXNativeTarget "ABLETests" */ = {
			isa = XCConfigurationList;
			buildConfigurations = (
				607A705120C91CD200796BDC /* Debug */,
				607A705220C91CD200796BDC /* Release */,
			);
			defaultConfigurationIsVisible = 0;
			defaultConfigurationName = Release;
		};
/* End XCConfigurationList section */
	};
	rootObject = 606ECAAF1EDEF101003BFA19 /* Project object */;
}
